// !$*UTF8*$!
{
	archiveVersion = 1;
	classes = {
	};
	objectVersion = 46;
	objects = {

/* Begin PBXBuildFile section */
		3201088596B4756681693705 /* libThree20UICommon.a in Frameworks */ = {isa = PBXBuildFile; fileRef = 3201088596B4756681693704 /* libThree20UICommon.a */; };
		320A2827FEC940B25BC42C65 /* libThree20Core.a in Frameworks */ = {isa = PBXBuildFile; fileRef = 320A2827FEC940B25BC42C64 /* libThree20Core.a */; };
		320A5A189C235877202780D5 /* libThree20Network.a in Frameworks */ = {isa = PBXBuildFile; fileRef = 320A5A189C235877202780D4 /* libThree20Network.a */; };
		320A737074758E53BA54BE95 /* libThree20UINavigator.a in Frameworks */ = {isa = PBXBuildFile; fileRef = 320A737074758E53BA54BE94 /* libThree20UINavigator.a */; };
		320AF8492C47A4D819F7C451 /* QuartzCore.framework in Frameworks */ = {isa = PBXBuildFile; fileRef = 320AF8492C47A4D819F7C450 /* QuartzCore.framework */; };
		320B6C86F11D9990244A9731 /* Three20.bundle in Resources */ = {isa = PBXBuildFile; fileRef = 320B6C86F11D9990244A9730 /* Three20.bundle */; };
		320CC833B8AF0ACFD35E6225 /* libThree20Style.a in Frameworks */ = {isa = PBXBuildFile; fileRef = 320CC833B8AF0ACFD35E6224 /* libThree20Style.a */; };
		320D7DCCE32703ACAB9A45E5 /* libThree20.a in Frameworks */ = {isa = PBXBuildFile; fileRef = 320D7DCCE32703ACAB9A45E4 /* libThree20.a */; };
		320F2C48872C2E2C4DF86205 /* libThree20UI.a in Frameworks */ = {isa = PBXBuildFile; fileRef = 320F2C48872C2E2C4DF86204 /* libThree20UI.a */; };
		370758C6138B66C70011D998 /* PokemonEncounter.m in Sources */ = {isa = PBXBuildFile; fileRef = 370758C5138B66C70011D998 /* PokemonEncounter.m */; };
		370758C9138B66D00011D998 /* _PokemonEncounter.m in Sources */ = {isa = PBXBuildFile; fileRef = 370758C8138B66D00011D998 /* _PokemonEncounter.m */; };
		370758CC138C05C20011D998 /* PokemonSpeciesCell.m in Sources */ = {isa = PBXBuildFile; fileRef = 370758CB138C05C20011D998 /* PokemonSpeciesCell.m */; };
		370B0B95139456D1000FE2FF /* Appirater.m in Sources */ = {isa = PBXBuildFile; fileRef = 370B0B94139456D1000FE2FF /* Appirater.m */; };
		370B0B97139458D5000FE2FF /* SystemConfiguration.framework in Frameworks */ = {isa = PBXBuildFile; fileRef = 370B0B96139458D5000FE2FF /* SystemConfiguration.framework */; };
		371EFEFA138976FF0093C0FC /* Constants.m in Sources */ = {isa = PBXBuildFile; fileRef = 371EFEF9138976FF0093C0FC /* Constants.m */; };
		3725629513949C2000B34EFA /* icon-list.png in Resources */ = {isa = PBXBuildFile; fileRef = 3725629313949C2000B34EFA /* icon-list.png */; };
		3725629613949C2000B34EFA /* icon-list@2x.png in Resources */ = {isa = PBXBuildFile; fileRef = 3725629413949C2000B34EFA /* icon-list@2x.png */; };
		372562A01394A77300B34EFA /* Default.png in Resources */ = {isa = PBXBuildFile; fileRef = 3725629E1394A77300B34EFA /* Default.png */; };
		372562A11394A77300B34EFA /* Default@2x.png in Resources */ = {isa = PBXBuildFile; fileRef = 3725629F1394A77300B34EFA /* Default@2x.png */; };
		3745E40A138F042700F31683 /* PokemonListViewController.m in Sources */ = {isa = PBXBuildFile; fileRef = 3745E409138F042700F31683 /* PokemonListViewController.m */; };
		374D13E513839712004022E3 /* UIKit.framework in Frameworks */ = {isa = PBXBuildFile; fileRef = 374D13E413839712004022E3 /* UIKit.framework */; };
		374D13E713839712004022E3 /* Foundation.framework in Frameworks */ = {isa = PBXBuildFile; fileRef = 374D13E613839712004022E3 /* Foundation.framework */; };
		374D13E913839712004022E3 /* CoreGraphics.framework in Frameworks */ = {isa = PBXBuildFile; fileRef = 374D13E813839712004022E3 /* CoreGraphics.framework */; };
		374D13EB13839712004022E3 /* CoreData.framework in Frameworks */ = {isa = PBXBuildFile; fileRef = 374D13EA13839712004022E3 /* CoreData.framework */; };
		374D13F113839712004022E3 /* InfoPlist.strings in Resources */ = {isa = PBXBuildFile; fileRef = 374D13EF13839712004022E3 /* InfoPlist.strings */; };
		374D13F413839712004022E3 /* main.m in Sources */ = {isa = PBXBuildFile; fileRef = 374D13F313839712004022E3 /* main.m */; };
		374D13F713839712004022E3 /* PokemonEVAppDelegate.m in Sources */ = {isa = PBXBuildFile; fileRef = 374D13F613839712004022E3 /* PokemonEVAppDelegate.m */; };
		374D13FA13839712004022E3 /* MainWindow.xib in Resources */ = {isa = PBXBuildFile; fileRef = 374D13F813839712004022E3 /* MainWindow.xib */; };
		374D13FD13839712004022E3 /* PokemonEV.xcdatamodeld in Sources */ = {isa = PBXBuildFile; fileRef = 374D13FB13839712004022E3 /* PokemonEV.xcdatamodeld */; };
		374D140413839713004022E3 /* UIKit.framework in Frameworks */ = {isa = PBXBuildFile; fileRef = 374D13E413839712004022E3 /* UIKit.framework */; };
		374D140513839713004022E3 /* Foundation.framework in Frameworks */ = {isa = PBXBuildFile; fileRef = 374D13E613839712004022E3 /* Foundation.framework */; };
		374D140613839713004022E3 /* CoreGraphics.framework in Frameworks */ = {isa = PBXBuildFile; fileRef = 374D13E813839712004022E3 /* CoreGraphics.framework */; };
		374D140713839713004022E3 /* CoreData.framework in Frameworks */ = {isa = PBXBuildFile; fileRef = 374D13EA13839712004022E3 /* CoreData.framework */; };
		374D140F13839713004022E3 /* InfoPlist.strings in Resources */ = {isa = PBXBuildFile; fileRef = 374D140D13839713004022E3 /* InfoPlist.strings */; };
		374D141213839713004022E3 /* PokemonEVTests.h in Resources */ = {isa = PBXBuildFile; fileRef = 374D141113839713004022E3 /* PokemonEVTests.h */; };
		374D141413839713004022E3 /* PokemonEVTests.m in Sources */ = {isa = PBXBuildFile; fileRef = 374D141313839713004022E3 /* PokemonEVTests.m */; };
		374D14B113839893004022E3 /* PokemonDataImport.m in Sources */ = {isa = PBXBuildFile; fileRef = 374D149313839893004022E3 /* PokemonDataImport.m */; };
		374D14B213839893004022E3 /* NSManagedObject+Errors.m in Sources */ = {isa = PBXBuildFile; fileRef = 374D149713839893004022E3 /* NSManagedObject+Errors.m */; };
		374D14B313839893004022E3 /* NSManagedObjectContext+Convenience.m in Sources */ = {isa = PBXBuildFile; fileRef = 374D149913839893004022E3 /* NSManagedObjectContext+Convenience.m */; };
		374D14B413839893004022E3 /* NSManagedObjectContext+URI.m in Sources */ = {isa = PBXBuildFile; fileRef = 374D149B13839893004022E3 /* NSManagedObjectContext+URI.m */; };
		374D14B513839893004022E3 /* UIColor+Hex.m in Sources */ = {isa = PBXBuildFile; fileRef = 374D149D13839893004022E3 /* UIColor+Hex.m */; };
		374D14B613839893004022E3 /* PokemonSpecies.m in Sources */ = {isa = PBXBuildFile; fileRef = 374D14A113839893004022E3 /* PokemonSpecies.m */; };
		374D14B713839893004022E3 /* _PokemonSpecies.m in Sources */ = {isa = PBXBuildFile; fileRef = 374D14A413839893004022E3 /* _PokemonSpecies.m */; };
		374D14B813839893004022E3 /* PokemonStats.m in Sources */ = {isa = PBXBuildFile; fileRef = 374D14A613839893004022E3 /* PokemonStats.m */; };
		374D14BA13839893004022E3 /* SpeciesListViewController.m in Sources */ = {isa = PBXBuildFile; fileRef = 374D14AB13839893004022E3 /* SpeciesListViewController.m */; };
		374D14BB13839893004022E3 /* TrackerViewController.m in Sources */ = {isa = PBXBuildFile; fileRef = 374D14AD13839893004022E3 /* TrackerViewController.m */; };
		374D14BC13839893004022E3 /* EVYieldView.m in Sources */ = {isa = PBXBuildFile; fileRef = 374D14B013839893004022E3 /* EVYieldView.m */; };
		374D14BF13839AB9004022E3 /* pokedex.plist in Resources */ = {isa = PBXBuildFile; fileRef = 374D14BD13839AB9004022E3 /* pokedex.plist */; };
		374D14C013839AB9004022E3 /* PokemonStats.plist in Resources */ = {isa = PBXBuildFile; fileRef = 374D14BE13839AB9004022E3 /* PokemonStats.plist */; };
		377DEC8E1385A94F00EEBBC5 /* EVSpread.m in Sources */ = {isa = PBXBuildFile; fileRef = 377DEC891385A94F00EEBBC5 /* EVSpread.m */; };
		377DEC8F1385A94F00EEBBC5 /* HeldItem.m in Sources */ = {isa = PBXBuildFile; fileRef = 377DEC8B1385A94F00EEBBC5 /* HeldItem.m */; };
		377DEC901385A94F00EEBBC5 /* Pokemon.m in Sources */ = {isa = PBXBuildFile; fileRef = 377DEC8D1385A94F00EEBBC5 /* Pokemon.m */; };
		377DEC971385A96100EEBBC5 /* _EVSpread.m in Sources */ = {isa = PBXBuildFile; fileRef = 377DEC921385A96100EEBBC5 /* _EVSpread.m */; };
		377DEC981385A96100EEBBC5 /* _HeldItem.m in Sources */ = {isa = PBXBuildFile; fileRef = 377DEC941385A96100EEBBC5 /* _HeldItem.m */; };
		377DEC991385A96100EEBBC5 /* _Pokemon.m in Sources */ = {isa = PBXBuildFile; fileRef = 377DEC961385A96100EEBBC5 /* _Pokemon.m */; };
		378886C91392C2A200523380 /* iTunesArtwork in Resources */ = {isa = PBXBuildFile; fileRef = 378886C81392C2A200523380 /* iTunesArtwork */; };
		378886CC1392C90B00523380 /* PokemonEV-Icon.png in Resources */ = {isa = PBXBuildFile; fileRef = 378886CA1392C90B00523380 /* PokemonEV-Icon.png */; };
		378886CD1392C90B00523380 /* PokemonEV-IconRetina.png in Resources */ = {isa = PBXBuildFile; fileRef = 378886CB1392C90B00523380 /* PokemonEV-IconRetina.png */; };
		3795EC0A1385D7FA0065C0C8 /* EVCountView.m in Sources */ = {isa = PBXBuildFile; fileRef = 3795EC091385D7FA0065C0C8 /* EVCountView.m */; };
		3795EC0E13861F6E0065C0C8 /* EVStyleSheet.m in Sources */ = {isa = PBXBuildFile; fileRef = 3795EC0D13861F6E0065C0C8 /* EVStyleSheet.m */; };
		3795EC10138631410065C0C8 /* items.plist in Resources */ = {isa = PBXBuildFile; fileRef = 3795EC0F138631410065C0C8 /* items.plist */; };
		37A5001C13899B2900B63285 /* EVCountFooterCell.m in Sources */ = {isa = PBXBuildFile; fileRef = 37A5001B13899B2900B63285 /* EVCountFooterCell.m */; };
		37A5001E1389A43300B63285 /* EVCountFooterCell.xib in Resources */ = {isa = PBXBuildFile; fileRef = 37A5001D1389A43300B63285 /* EVCountFooterCell.xib */; };
		37A500A9138AB82200B63285 /* NSError+Multiple.m in Sources */ = {isa = PBXBuildFile; fileRef = 37A500A8138AB82200B63285 /* NSError+Multiple.m */; };
		37BA35AE1395D34900F18686 /* MessageUI.framework in Frameworks */ = {isa = PBXBuildFile; fileRef = 37BA35AD1395D34800F18686 /* MessageUI.framework */; };
		37BA35CD1395DD0E00F18686 /* icon-envelope.png in Resources */ = {isa = PBXBuildFile; fileRef = 37BA35CB1395DD0E00F18686 /* icon-envelope.png */; };
		37BA35CE1395DD0E00F18686 /* icon-envelope@2x.png in Resources */ = {isa = PBXBuildFile; fileRef = 37BA35CC1395DD0E00F18686 /* icon-envelope@2x.png */; };
		37CDAF4D13872F6400114493 /* HeldItemListViewController.m in Sources */ = {isa = PBXBuildFile; fileRef = 37CDAF4C13872F6400114493 /* HeldItemListViewController.m */; };
		37CDAF5D1388647F00114493 /* EVCountViewController.m in Sources */ = {isa = PBXBuildFile; fileRef = 37CDAF5C1388647F00114493 /* EVCountViewController.m */; };
		37ECABDD1384783E00C04B45 /* StatFilterButton.m in Sources */ = {isa = PBXBuildFile; fileRef = 37ECABDC1384783E00C04B45 /* StatFilterButton.m */; };
/* End PBXBuildFile section */

/* Begin PBXContainerItemProxy section */
		3201088596B4756681693702 /* PBXContainerItemProxy */ = {
			isa = PBXContainerItemProxy;
			containerPortal = 3201088596B4756681693700 /* Three20UICommon.xcodeproj */;
			proxyType = 1;
			remoteGlobalIDString = BEF31F390F352DF5000DE5D2;
			remoteInfo = Three20UICommon;
		};
		3201088596B4756681693706 /* PBXContainerItemProxy */ = {
			isa = PBXContainerItemProxy;
			containerPortal = 3201088596B4756681693700 /* Three20UICommon.xcodeproj */;
			proxyType = 2;
			remoteGlobalIDString = BEF31F3A0F352DF5000DE5D2;
			remoteInfo = Three20UICommon;
		};
		320A2827FEC940B25BC42C62 /* PBXContainerItemProxy */ = {
			isa = PBXContainerItemProxy;
			containerPortal = 320A2827FEC940B25BC42C60 /* Three20Core.xcodeproj */;
			proxyType = 1;
			remoteGlobalIDString = BEF31F390F352DF5000DE5D2;
			remoteInfo = Three20Core;
		};
		320A2827FEC940B25BC42C66 /* PBXContainerItemProxy */ = {
			isa = PBXContainerItemProxy;
			containerPortal = 320A2827FEC940B25BC42C60 /* Three20Core.xcodeproj */;
			proxyType = 2;
			remoteGlobalIDString = BEF31F3A0F352DF5000DE5D2;
			remoteInfo = Three20Core;
		};
		320A5A189C235877202780D2 /* PBXContainerItemProxy */ = {
			isa = PBXContainerItemProxy;
			containerPortal = 320A5A189C235877202780D0 /* Three20Network.xcodeproj */;
			proxyType = 1;
			remoteGlobalIDString = BEF31F390F352DF5000DE5D2;
			remoteInfo = Three20Network;
		};
		320A5A189C235877202780D6 /* PBXContainerItemProxy */ = {
			isa = PBXContainerItemProxy;
			containerPortal = 320A5A189C235877202780D0 /* Three20Network.xcodeproj */;
			proxyType = 2;
			remoteGlobalIDString = BEF31F3A0F352DF5000DE5D2;
			remoteInfo = Three20Network;
		};
		320A737074758E53BA54BE92 /* PBXContainerItemProxy */ = {
			isa = PBXContainerItemProxy;
			containerPortal = 320A737074758E53BA54BE90 /* Three20UINavigator.xcodeproj */;
			proxyType = 1;
			remoteGlobalIDString = BEF31F390F352DF5000DE5D2;
			remoteInfo = Three20UINavigator;
		};
		320A737074758E53BA54BE96 /* PBXContainerItemProxy */ = {
			isa = PBXContainerItemProxy;
			containerPortal = 320A737074758E53BA54BE90 /* Three20UINavigator.xcodeproj */;
			proxyType = 2;
			remoteGlobalIDString = BEF31F3A0F352DF5000DE5D2;
			remoteInfo = Three20UINavigator;
		};
		320CC833B8AF0ACFD35E6222 /* PBXContainerItemProxy */ = {
			isa = PBXContainerItemProxy;
			containerPortal = 320CC833B8AF0ACFD35E6220 /* Three20Style.xcodeproj */;
			proxyType = 1;
			remoteGlobalIDString = BEF31F390F352DF5000DE5D2;
			remoteInfo = Three20Style;
		};
		320CC833B8AF0ACFD35E6226 /* PBXContainerItemProxy */ = {
			isa = PBXContainerItemProxy;
			containerPortal = 320CC833B8AF0ACFD35E6220 /* Three20Style.xcodeproj */;
			proxyType = 2;
			remoteGlobalIDString = BEF31F3A0F352DF5000DE5D2;
			remoteInfo = Three20Style;
		};
		320D7DCCE32703ACAB9A45E2 /* PBXContainerItemProxy */ = {
			isa = PBXContainerItemProxy;
			containerPortal = 320D7DCCE32703ACAB9A45E0 /* Three20.xcodeproj */;
			proxyType = 1;
			remoteGlobalIDString = BEF31F390F352DF5000DE5D2;
			remoteInfo = Three20;
		};
		320D7DCCE32703ACAB9A45E6 /* PBXContainerItemProxy */ = {
			isa = PBXContainerItemProxy;
			containerPortal = 320D7DCCE32703ACAB9A45E0 /* Three20.xcodeproj */;
			proxyType = 2;
			remoteGlobalIDString = BEF31F3A0F352DF5000DE5D2;
			remoteInfo = Three20;
		};
		320F2C48872C2E2C4DF86202 /* PBXContainerItemProxy */ = {
			isa = PBXContainerItemProxy;
			containerPortal = 320F2C48872C2E2C4DF86200 /* Three20UI.xcodeproj */;
			proxyType = 1;
			remoteGlobalIDString = BEF31F390F352DF5000DE5D2;
			remoteInfo = Three20UI;
		};
		320F2C48872C2E2C4DF86206 /* PBXContainerItemProxy */ = {
			isa = PBXContainerItemProxy;
			containerPortal = 320F2C48872C2E2C4DF86200 /* Three20UI.xcodeproj */;
			proxyType = 2;
			remoteGlobalIDString = BEF31F3A0F352DF5000DE5D2;
			remoteInfo = Three20UI;
		};
		374D140813839713004022E3 /* PBXContainerItemProxy */ = {
			isa = PBXContainerItemProxy;
			containerPortal = 374D13D713839712004022E3 /* Project object */;
			proxyType = 1;
			remoteGlobalIDString = 374D13DF13839712004022E3;
			remoteInfo = PokemonEV;
		};
		374D144F1383976B004022E3 /* PBXContainerItemProxy */ = {
			isa = PBXContainerItemProxy;
			containerPortal = 320D7DCCE32703ACAB9A45E0 /* Three20.xcodeproj */;
			proxyType = 2;
			remoteGlobalIDString = EB9E6C6210B6A8F800DE563C;
			remoteInfo = Three20UnitTests;
		};
		374D14521383976B004022E3 /* PBXContainerItemProxy */ = {
			isa = PBXContainerItemProxy;
			containerPortal = 320A2827FEC940B25BC42C60 /* Three20Core.xcodeproj */;
			proxyType = 2;
			remoteGlobalIDString = EB9E6C6210B6A8F800DE563C;
			remoteInfo = Three20CoreUnitTests;
		};
		374D14551383976B004022E3 /* PBXContainerItemProxy */ = {
			isa = PBXContainerItemProxy;
			containerPortal = 320A5A189C235877202780D0 /* Three20Network.xcodeproj */;
			proxyType = 2;
			remoteGlobalIDString = EB9E6C6210B6A8F800DE563C;
			remoteInfo = Three20NetworkUnitTests;
		};
		374D14581383976B004022E3 /* PBXContainerItemProxy */ = {
			isa = PBXContainerItemProxy;
			containerPortal = 320CC833B8AF0ACFD35E6220 /* Three20Style.xcodeproj */;
			proxyType = 2;
			remoteGlobalIDString = EB9E6C6210B6A8F800DE563C;
			remoteInfo = Three20StyleUnitTests;
		};
		374D145B1383976B004022E3 /* PBXContainerItemProxy */ = {
			isa = PBXContainerItemProxy;
			containerPortal = 320F2C48872C2E2C4DF86200 /* Three20UI.xcodeproj */;
			proxyType = 2;
			remoteGlobalIDString = EB9E6C6210B6A8F800DE563C;
			remoteInfo = Three20UIUnitTests;
		};
		374D145E1383976B004022E3 /* PBXContainerItemProxy */ = {
			isa = PBXContainerItemProxy;
			containerPortal = 3201088596B4756681693700 /* Three20UICommon.xcodeproj */;
			proxyType = 2;
			remoteGlobalIDString = EB9E6C6210B6A8F800DE563C;
			remoteInfo = Three20UICommonUnitTests;
		};
		374D14611383976B004022E3 /* PBXContainerItemProxy */ = {
			isa = PBXContainerItemProxy;
			containerPortal = 320A737074758E53BA54BE90 /* Three20UINavigator.xcodeproj */;
			proxyType = 2;
			remoteGlobalIDString = EB9E6C6210B6A8F800DE563C;
			remoteInfo = Three20UINavigatorUnitTests;
		};
/* End PBXContainerItemProxy section */

/* Begin PBXFileReference section */
		3201088596B4756681693700 /* Three20UICommon.xcodeproj */ = {isa = PBXFileReference; lastKnownFileType = "wrapper.pb-project"; name = Three20UICommon.xcodeproj; path = ../three20/src/Three20UICommon/Three20UICommon.xcodeproj; sourceTree = SOURCE_ROOT; };
		320A2827FEC940B25BC42C60 /* Three20Core.xcodeproj */ = {isa = PBXFileReference; lastKnownFileType = "wrapper.pb-project"; name = Three20Core.xcodeproj; path = ../three20/src/Three20Core/Three20Core.xcodeproj; sourceTree = SOURCE_ROOT; };
		320A5A189C235877202780D0 /* Three20Network.xcodeproj */ = {isa = PBXFileReference; lastKnownFileType = "wrapper.pb-project"; name = Three20Network.xcodeproj; path = ../three20/src/Three20Network/Three20Network.xcodeproj; sourceTree = SOURCE_ROOT; };
		320A737074758E53BA54BE90 /* Three20UINavigator.xcodeproj */ = {isa = PBXFileReference; lastKnownFileType = "wrapper.pb-project"; name = Three20UINavigator.xcodeproj; path = ../three20/src/Three20UINavigator/Three20UINavigator.xcodeproj; sourceTree = SOURCE_ROOT; };
		320AF8492C47A4D819F7C450 /* QuartzCore.framework */ = {isa = PBXFileReference; lastKnownFileType = wrapper.framework; name = QuartzCore.framework; path = System/Library/Frameworks/QuartzCore.framework; sourceTree = SDKROOT; };
		320B6C86F11D9990244A9730 /* Three20.bundle */ = {isa = PBXFileReference; lastKnownFileType = "wrapper.plug-in"; name = Three20.bundle; path = ../three20/src/Three20.bundle; sourceTree = SOURCE_ROOT; };
		320CC833B8AF0ACFD35E6220 /* Three20Style.xcodeproj */ = {isa = PBXFileReference; lastKnownFileType = "wrapper.pb-project"; name = Three20Style.xcodeproj; path = ../three20/src/Three20Style/Three20Style.xcodeproj; sourceTree = SOURCE_ROOT; };
		320D7DCCE32703ACAB9A45E0 /* Three20.xcodeproj */ = {isa = PBXFileReference; lastKnownFileType = "wrapper.pb-project"; name = Three20.xcodeproj; path = ../three20/src/Three20/Three20.xcodeproj; sourceTree = SOURCE_ROOT; };
		320F2C48872C2E2C4DF86200 /* Three20UI.xcodeproj */ = {isa = PBXFileReference; lastKnownFileType = "wrapper.pb-project"; name = Three20UI.xcodeproj; path = ../three20/src/Three20UI/Three20UI.xcodeproj; sourceTree = SOURCE_ROOT; };
		370758C4138B66C70011D998 /* PokemonEncounter.h */ = {isa = PBXFileReference; fileEncoding = 4; lastKnownFileType = sourcecode.c.h; path = PokemonEncounter.h; sourceTree = "<group>"; };
		370758C5138B66C70011D998 /* PokemonEncounter.m */ = {isa = PBXFileReference; fileEncoding = 4; lastKnownFileType = sourcecode.c.objc; path = PokemonEncounter.m; sourceTree = "<group>"; };
		370758C7138B66D00011D998 /* _PokemonEncounter.h */ = {isa = PBXFileReference; fileEncoding = 4; lastKnownFileType = sourcecode.c.h; path = _PokemonEncounter.h; sourceTree = "<group>"; };
		370758C8138B66D00011D998 /* _PokemonEncounter.m */ = {isa = PBXFileReference; fileEncoding = 4; lastKnownFileType = sourcecode.c.objc; path = _PokemonEncounter.m; sourceTree = "<group>"; };
		370758CA138C05C20011D998 /* PokemonSpeciesCell.h */ = {isa = PBXFileReference; fileEncoding = 4; lastKnownFileType = sourcecode.c.h; path = PokemonSpeciesCell.h; sourceTree = "<group>"; };
		370758CB138C05C20011D998 /* PokemonSpeciesCell.m */ = {isa = PBXFileReference; fileEncoding = 4; lastKnownFileType = sourcecode.c.objc; path = PokemonSpeciesCell.m; sourceTree = "<group>"; };
		370B0B93139456D1000FE2FF /* Appirater.h */ = {isa = PBXFileReference; fileEncoding = 4; lastKnownFileType = sourcecode.c.h; path = Appirater.h; sourceTree = "<group>"; };
		370B0B94139456D1000FE2FF /* Appirater.m */ = {isa = PBXFileReference; fileEncoding = 4; lastKnownFileType = sourcecode.c.objc; path = Appirater.m; sourceTree = "<group>"; };
		370B0B96139458D5000FE2FF /* SystemConfiguration.framework */ = {isa = PBXFileReference; lastKnownFileType = wrapper.framework; name = SystemConfiguration.framework; path = System/Library/Frameworks/SystemConfiguration.framework; sourceTree = SDKROOT; };
		371EFEF8138976FF0093C0FC /* Constants.h */ = {isa = PBXFileReference; fileEncoding = 4; lastKnownFileType = sourcecode.c.h; path = Constants.h; sourceTree = "<group>"; };
		371EFEF9138976FF0093C0FC /* Constants.m */ = {isa = PBXFileReference; fileEncoding = 4; lastKnownFileType = sourcecode.c.objc; path = Constants.m; sourceTree = "<group>"; };
		3725629313949C2000B34EFA /* icon-list.png */ = {isa = PBXFileReference; lastKnownFileType = image.png; path = "icon-list.png"; sourceTree = "<group>"; };
		3725629413949C2000B34EFA /* icon-list@2x.png */ = {isa = PBXFileReference; lastKnownFileType = image.png; path = "icon-list@2x.png"; sourceTree = "<group>"; };
		3725629E1394A77300B34EFA /* Default.png */ = {isa = PBXFileReference; lastKnownFileType = image.png; path = Default.png; sourceTree = "<group>"; };
		3725629F1394A77300B34EFA /* Default@2x.png */ = {isa = PBXFileReference; lastKnownFileType = image.png; path = "Default@2x.png"; sourceTree = "<group>"; };
		3745E408138F042700F31683 /* PokemonListViewController.h */ = {isa = PBXFileReference; fileEncoding = 4; lastKnownFileType = sourcecode.c.h; path = PokemonListViewController.h; sourceTree = "<group>"; };
		3745E409138F042700F31683 /* PokemonListViewController.m */ = {isa = PBXFileReference; fileEncoding = 4; lastKnownFileType = sourcecode.c.objc; path = PokemonListViewController.m; sourceTree = "<group>"; };
		3745E47D138F508400F31683 /* PokemonListDelegate.h */ = {isa = PBXFileReference; fileEncoding = 4; lastKnownFileType = sourcecode.c.h; path = PokemonListDelegate.h; sourceTree = "<group>"; };
		374D13E013839712004022E3 /* EVTrack.app */ = {isa = PBXFileReference; explicitFileType = wrapper.application; includeInIndex = 0; path = EVTrack.app; sourceTree = BUILT_PRODUCTS_DIR; };
		374D13E413839712004022E3 /* UIKit.framework */ = {isa = PBXFileReference; lastKnownFileType = wrapper.framework; name = UIKit.framework; path = System/Library/Frameworks/UIKit.framework; sourceTree = SDKROOT; };
		374D13E613839712004022E3 /* Foundation.framework */ = {isa = PBXFileReference; lastKnownFileType = wrapper.framework; name = Foundation.framework; path = System/Library/Frameworks/Foundation.framework; sourceTree = SDKROOT; };
		374D13E813839712004022E3 /* CoreGraphics.framework */ = {isa = PBXFileReference; lastKnownFileType = wrapper.framework; name = CoreGraphics.framework; path = System/Library/Frameworks/CoreGraphics.framework; sourceTree = SDKROOT; };
		374D13EA13839712004022E3 /* CoreData.framework */ = {isa = PBXFileReference; lastKnownFileType = wrapper.framework; name = CoreData.framework; path = System/Library/Frameworks/CoreData.framework; sourceTree = SDKROOT; };
		374D13EE13839712004022E3 /* PokemonEV-Info.plist */ = {isa = PBXFileReference; lastKnownFileType = text.plist.xml; path = "PokemonEV-Info.plist"; sourceTree = "<group>"; };
		374D13F013839712004022E3 /* en */ = {isa = PBXFileReference; lastKnownFileType = text.plist.strings; name = en; path = en.lproj/InfoPlist.strings; sourceTree = "<group>"; };
		374D13F213839712004022E3 /* PokemonEV-Prefix.pch */ = {isa = PBXFileReference; lastKnownFileType = sourcecode.c.h; path = "PokemonEV-Prefix.pch"; sourceTree = "<group>"; };
		374D13F313839712004022E3 /* main.m */ = {isa = PBXFileReference; lastKnownFileType = sourcecode.c.objc; path = main.m; sourceTree = "<group>"; };
		374D13F513839712004022E3 /* PokemonEVAppDelegate.h */ = {isa = PBXFileReference; lastKnownFileType = sourcecode.c.h; path = PokemonEVAppDelegate.h; sourceTree = "<group>"; };
		374D13F613839712004022E3 /* PokemonEVAppDelegate.m */ = {isa = PBXFileReference; lastKnownFileType = sourcecode.c.objc; path = PokemonEVAppDelegate.m; sourceTree = "<group>"; };
		374D13F913839712004022E3 /* en */ = {isa = PBXFileReference; lastKnownFileType = file.xib; name = en; path = en.lproj/MainWindow.xib; sourceTree = "<group>"; };
		374D13FC13839712004022E3 /* PokemonEV.xcdatamodel */ = {isa = PBXFileReference; lastKnownFileType = wrapper.xcdatamodel; path = PokemonEV.xcdatamodel; sourceTree = "<group>"; };
		374D140313839713004022E3 /* PokemonEVTests.octest */ = {isa = PBXFileReference; explicitFileType = wrapper.cfbundle; includeInIndex = 0; path = PokemonEVTests.octest; sourceTree = BUILT_PRODUCTS_DIR; };
		374D140C13839713004022E3 /* PokemonEVTests-Info.plist */ = {isa = PBXFileReference; lastKnownFileType = text.plist.xml; path = "PokemonEVTests-Info.plist"; sourceTree = "<group>"; };
		374D140E13839713004022E3 /* en */ = {isa = PBXFileReference; lastKnownFileType = text.plist.strings; name = en; path = en.lproj/InfoPlist.strings; sourceTree = "<group>"; };
		374D141013839713004022E3 /* PokemonEVTests-Prefix.pch */ = {isa = PBXFileReference; lastKnownFileType = sourcecode.c.h; path = "PokemonEVTests-Prefix.pch"; sourceTree = "<group>"; };
		374D141113839713004022E3 /* PokemonEVTests.h */ = {isa = PBXFileReference; lastKnownFileType = sourcecode.c.h; path = PokemonEVTests.h; sourceTree = "<group>"; };
		374D141313839713004022E3 /* PokemonEVTests.m */ = {isa = PBXFileReference; lastKnownFileType = sourcecode.c.objc; path = PokemonEVTests.m; sourceTree = "<group>"; };
		374D149213839893004022E3 /* PokemonDataImport.h */ = {isa = PBXFileReference; fileEncoding = 4; lastKnownFileType = sourcecode.c.h; path = PokemonDataImport.h; sourceTree = "<group>"; };
		374D149313839893004022E3 /* PokemonDataImport.m */ = {isa = PBXFileReference; fileEncoding = 4; lastKnownFileType = sourcecode.c.objc; path = PokemonDataImport.m; sourceTree = "<group>"; };
		374D149613839893004022E3 /* NSManagedObject+Errors.h */ = {isa = PBXFileReference; fileEncoding = 4; lastKnownFileType = sourcecode.c.h; path = "NSManagedObject+Errors.h"; sourceTree = "<group>"; };
		374D149713839893004022E3 /* NSManagedObject+Errors.m */ = {isa = PBXFileReference; fileEncoding = 4; lastKnownFileType = sourcecode.c.objc; path = "NSManagedObject+Errors.m"; sourceTree = "<group>"; };
		374D149813839893004022E3 /* NSManagedObjectContext+Convenience.h */ = {isa = PBXFileReference; fileEncoding = 4; lastKnownFileType = sourcecode.c.h; path = "NSManagedObjectContext+Convenience.h"; sourceTree = "<group>"; };
		374D149913839893004022E3 /* NSManagedObjectContext+Convenience.m */ = {isa = PBXFileReference; fileEncoding = 4; lastKnownFileType = sourcecode.c.objc; path = "NSManagedObjectContext+Convenience.m"; sourceTree = "<group>"; };
		374D149A13839893004022E3 /* NSManagedObjectContext+URI.h */ = {isa = PBXFileReference; fileEncoding = 4; lastKnownFileType = sourcecode.c.h; path = "NSManagedObjectContext+URI.h"; sourceTree = "<group>"; };
		374D149B13839893004022E3 /* NSManagedObjectContext+URI.m */ = {isa = PBXFileReference; fileEncoding = 4; lastKnownFileType = sourcecode.c.objc; path = "NSManagedObjectContext+URI.m"; sourceTree = "<group>"; };
		374D149C13839893004022E3 /* UIColor+Hex.h */ = {isa = PBXFileReference; fileEncoding = 4; lastKnownFileType = sourcecode.c.h; path = "UIColor+Hex.h"; sourceTree = "<group>"; };
		374D149D13839893004022E3 /* UIColor+Hex.m */ = {isa = PBXFileReference; fileEncoding = 4; lastKnownFileType = sourcecode.c.objc; path = "UIColor+Hex.m"; sourceTree = "<group>"; };
		374D14A013839893004022E3 /* PokemonSpecies.h */ = {isa = PBXFileReference; fileEncoding = 4; lastKnownFileType = sourcecode.c.h; path = PokemonSpecies.h; sourceTree = "<group>"; };
		374D14A113839893004022E3 /* PokemonSpecies.m */ = {isa = PBXFileReference; fileEncoding = 4; lastKnownFileType = sourcecode.c.objc; path = PokemonSpecies.m; sourceTree = "<group>"; };
		374D14A313839893004022E3 /* _PokemonSpecies.h */ = {isa = PBXFileReference; fileEncoding = 4; lastKnownFileType = sourcecode.c.h; path = _PokemonSpecies.h; sourceTree = "<group>"; };
		374D14A413839893004022E3 /* _PokemonSpecies.m */ = {isa = PBXFileReference; fileEncoding = 4; lastKnownFileType = sourcecode.c.objc; path = _PokemonSpecies.m; sourceTree = "<group>"; };
		374D14A513839893004022E3 /* PokemonStats.h */ = {isa = PBXFileReference; fileEncoding = 4; lastKnownFileType = sourcecode.c.h; path = PokemonStats.h; sourceTree = "<group>"; };
		374D14A613839893004022E3 /* PokemonStats.m */ = {isa = PBXFileReference; fileEncoding = 4; lastKnownFileType = sourcecode.c.objc; path = PokemonStats.m; sourceTree = "<group>"; };
		374D14AA13839893004022E3 /* SpeciesListViewController.h */ = {isa = PBXFileReference; fileEncoding = 4; lastKnownFileType = sourcecode.c.h; path = SpeciesListViewController.h; sourceTree = "<group>"; };
		374D14AB13839893004022E3 /* SpeciesListViewController.m */ = {isa = PBXFileReference; fileEncoding = 4; lastKnownFileType = sourcecode.c.objc; path = SpeciesListViewController.m; sourceTree = "<group>"; };
		374D14AC13839893004022E3 /* TrackerViewController.h */ = {isa = PBXFileReference; fileEncoding = 4; lastKnownFileType = sourcecode.c.h; path = TrackerViewController.h; sourceTree = "<group>"; };
		374D14AD13839893004022E3 /* TrackerViewController.m */ = {isa = PBXFileReference; fileEncoding = 4; lastKnownFileType = sourcecode.c.objc; path = TrackerViewController.m; sourceTree = "<group>"; };
		374D14AF13839893004022E3 /* EVYieldView.h */ = {isa = PBXFileReference; fileEncoding = 4; lastKnownFileType = sourcecode.c.h; path = EVYieldView.h; sourceTree = "<group>"; };
		374D14B013839893004022E3 /* EVYieldView.m */ = {isa = PBXFileReference; fileEncoding = 4; lastKnownFileType = sourcecode.c.objc; path = EVYieldView.m; sourceTree = "<group>"; };
		374D14BD13839AB9004022E3 /* pokedex.plist */ = {isa = PBXFileReference; fileEncoding = 4; lastKnownFileType = text.plist.xml; path = pokedex.plist; sourceTree = "<group>"; };
		374D14BE13839AB9004022E3 /* PokemonStats.plist */ = {isa = PBXFileReference; fileEncoding = 4; lastKnownFileType = text.plist.xml; path = PokemonStats.plist; sourceTree = "<group>"; };
		37576CCF1390636500F0603A /* PokemonEV 2.xcdatamodel */ = {isa = PBXFileReference; lastKnownFileType = wrapper.xcdatamodel; path = "PokemonEV 2.xcdatamodel"; sourceTree = "<group>"; };
		377DEC881385A94F00EEBBC5 /* EVSpread.h */ = {isa = PBXFileReference; fileEncoding = 4; lastKnownFileType = sourcecode.c.h; name = EVSpread.h; path = PokemonEV/Classes/Models/Human/EVSpread.h; sourceTree = SOURCE_ROOT; };
		377DEC891385A94F00EEBBC5 /* EVSpread.m */ = {isa = PBXFileReference; fileEncoding = 4; lastKnownFileType = sourcecode.c.objc; name = EVSpread.m; path = PokemonEV/Classes/Models/Human/EVSpread.m; sourceTree = SOURCE_ROOT; };
		377DEC8A1385A94F00EEBBC5 /* HeldItem.h */ = {isa = PBXFileReference; fileEncoding = 4; lastKnownFileType = sourcecode.c.h; name = HeldItem.h; path = PokemonEV/Classes/Models/Human/HeldItem.h; sourceTree = SOURCE_ROOT; };
		377DEC8B1385A94F00EEBBC5 /* HeldItem.m */ = {isa = PBXFileReference; fileEncoding = 4; lastKnownFileType = sourcecode.c.objc; name = HeldItem.m; path = PokemonEV/Classes/Models/Human/HeldItem.m; sourceTree = SOURCE_ROOT; };
		377DEC8C1385A94F00EEBBC5 /* Pokemon.h */ = {isa = PBXFileReference; fileEncoding = 4; lastKnownFileType = sourcecode.c.h; name = Pokemon.h; path = PokemonEV/Classes/Models/Human/Pokemon.h; sourceTree = SOURCE_ROOT; };
		377DEC8D1385A94F00EEBBC5 /* Pokemon.m */ = {isa = PBXFileReference; fileEncoding = 4; lastKnownFileType = sourcecode.c.objc; name = Pokemon.m; path = PokemonEV/Classes/Models/Human/Pokemon.m; sourceTree = SOURCE_ROOT; };
		377DEC911385A96100EEBBC5 /* _EVSpread.h */ = {isa = PBXFileReference; fileEncoding = 4; lastKnownFileType = sourcecode.c.h; path = _EVSpread.h; sourceTree = "<group>"; };
		377DEC921385A96100EEBBC5 /* _EVSpread.m */ = {isa = PBXFileReference; fileEncoding = 4; lastKnownFileType = sourcecode.c.objc; path = _EVSpread.m; sourceTree = "<group>"; };
		377DEC931385A96100EEBBC5 /* _HeldItem.h */ = {isa = PBXFileReference; fileEncoding = 4; lastKnownFileType = sourcecode.c.h; path = _HeldItem.h; sourceTree = "<group>"; };
		377DEC941385A96100EEBBC5 /* _HeldItem.m */ = {isa = PBXFileReference; fileEncoding = 4; lastKnownFileType = sourcecode.c.objc; path = _HeldItem.m; sourceTree = "<group>"; };
		377DEC951385A96100EEBBC5 /* _Pokemon.h */ = {isa = PBXFileReference; fileEncoding = 4; lastKnownFileType = sourcecode.c.h; path = _Pokemon.h; sourceTree = "<group>"; };
		377DEC961385A96100EEBBC5 /* _Pokemon.m */ = {isa = PBXFileReference; fileEncoding = 4; lastKnownFileType = sourcecode.c.objc; path = _Pokemon.m; sourceTree = "<group>"; };
		377DF1BD1385B24D00EEBBC5 /* SpeciesListDelegate.h */ = {isa = PBXFileReference; fileEncoding = 4; lastKnownFileType = sourcecode.c.h; path = SpeciesListDelegate.h; sourceTree = "<group>"; };
		378886C81392C2A200523380 /* iTunesArtwork */ = {isa = PBXFileReference; lastKnownFileType = file; name = iTunesArtwork; path = PokemonEV/iTunesArtwork; sourceTree = SOURCE_ROOT; };
		378886CA1392C90B00523380 /* PokemonEV-Icon.png */ = {isa = PBXFileReference; lastKnownFileType = image.png; path = "PokemonEV-Icon.png"; sourceTree = "<group>"; };
		378886CB1392C90B00523380 /* PokemonEV-IconRetina.png */ = {isa = PBXFileReference; lastKnownFileType = image.png; path = "PokemonEV-IconRetina.png"; sourceTree = "<group>"; };
		3795EC081385D7FA0065C0C8 /* EVCountView.h */ = {isa = PBXFileReference; fileEncoding = 4; lastKnownFileType = sourcecode.c.h; path = EVCountView.h; sourceTree = "<group>"; };
		3795EC091385D7FA0065C0C8 /* EVCountView.m */ = {isa = PBXFileReference; fileEncoding = 4; lastKnownFileType = sourcecode.c.objc; path = EVCountView.m; sourceTree = "<group>"; };
		3795EC0C13861F6E0065C0C8 /* EVStyleSheet.h */ = {isa = PBXFileReference; fileEncoding = 4; lastKnownFileType = sourcecode.c.h; path = EVStyleSheet.h; sourceTree = "<group>"; };
		3795EC0D13861F6E0065C0C8 /* EVStyleSheet.m */ = {isa = PBXFileReference; fileEncoding = 4; lastKnownFileType = sourcecode.c.objc; path = EVStyleSheet.m; sourceTree = "<group>"; };
		3795EC0F138631410065C0C8 /* items.plist */ = {isa = PBXFileReference; fileEncoding = 4; lastKnownFileType = text.plist.xml; path = items.plist; sourceTree = "<group>"; };
		37A5001A13899B2900B63285 /* EVCountFooterCell.h */ = {isa = PBXFileReference; fileEncoding = 4; lastKnownFileType = sourcecode.c.h; path = EVCountFooterCell.h; sourceTree = "<group>"; };
		37A5001B13899B2900B63285 /* EVCountFooterCell.m */ = {isa = PBXFileReference; fileEncoding = 4; lastKnownFileType = sourcecode.c.objc; path = EVCountFooterCell.m; sourceTree = "<group>"; };
		37A5001D1389A43300B63285 /* EVCountFooterCell.xib */ = {isa = PBXFileReference; fileEncoding = 4; lastKnownFileType = file.xib; path = EVCountFooterCell.xib; sourceTree = "<group>"; };
		37A500A7138AB82100B63285 /* NSError+Multiple.h */ = {isa = PBXFileReference; fileEncoding = 4; lastKnownFileType = sourcecode.c.h; path = "NSError+Multiple.h"; sourceTree = "<group>"; };
		37A500A8138AB82200B63285 /* NSError+Multiple.m */ = {isa = PBXFileReference; fileEncoding = 4; lastKnownFileType = sourcecode.c.objc; path = "NSError+Multiple.m"; sourceTree = "<group>"; };
		37BA35AD1395D34800F18686 /* MessageUI.framework */ = {isa = PBXFileReference; lastKnownFileType = wrapper.framework; name = MessageUI.framework; path = System/Library/Frameworks/MessageUI.framework; sourceTree = SDKROOT; };
		37BA35CB1395DD0E00F18686 /* icon-envelope.png */ = {isa = PBXFileReference; lastKnownFileType = image.png; path = "icon-envelope.png"; sourceTree = "<group>"; };
		37BA35CC1395DD0E00F18686 /* icon-envelope@2x.png */ = {isa = PBXFileReference; lastKnownFileType = image.png; path = "icon-envelope@2x.png"; sourceTree = "<group>"; };
		37CDAF4B13872F6400114493 /* HeldItemListViewController.h */ = {isa = PBXFileReference; fileEncoding = 4; lastKnownFileType = sourcecode.c.h; path = HeldItemListViewController.h; sourceTree = "<group>"; };
		37CDAF4C13872F6400114493 /* HeldItemListViewController.m */ = {isa = PBXFileReference; fileEncoding = 4; lastKnownFileType = sourcecode.c.objc; path = HeldItemListViewController.m; sourceTree = "<group>"; };
		37CDAF4E13872F9600114493 /* HeldItemListDelegate.h */ = {isa = PBXFileReference; fileEncoding = 4; lastKnownFileType = sourcecode.c.h; path = HeldItemListDelegate.h; sourceTree = "<group>"; };
		37CDAF5B1388647F00114493 /* EVCountViewController.h */ = {isa = PBXFileReference; fileEncoding = 4; lastKnownFileType = sourcecode.c.h; path = EVCountViewController.h; sourceTree = "<group>"; };
		37CDAF5C1388647F00114493 /* EVCountViewController.m */ = {isa = PBXFileReference; fileEncoding = 4; lastKnownFileType = sourcecode.c.objc; path = EVCountViewController.m; sourceTree = "<group>"; };
		37ECABDB1384783E00C04B45 /* StatFilterButton.h */ = {isa = PBXFileReference; fileEncoding = 4; lastKnownFileType = sourcecode.c.h; path = StatFilterButton.h; sourceTree = "<group>"; };
		37ECABDC1384783E00C04B45 /* StatFilterButton.m */ = {isa = PBXFileReference; fileEncoding = 4; lastKnownFileType = sourcecode.c.objc; path = StatFilterButton.m; sourceTree = "<group>"; };
/* End PBXFileReference section */

/* Begin PBXFrameworksBuildPhase section */
		374D13DD13839712004022E3 /* Frameworks */ = {
			isa = PBXFrameworksBuildPhase;
			buildActionMask = 2147483647;
			files = (
				37BA35AE1395D34900F18686 /* MessageUI.framework in Frameworks */,
				370B0B97139458D5000FE2FF /* SystemConfiguration.framework in Frameworks */,
				3201088596B4756681693705 /* libThree20UICommon.a in Frameworks */,
				320D7DCCE32703ACAB9A45E5 /* libThree20.a in Frameworks */,
				320A737074758E53BA54BE95 /* libThree20UINavigator.a in Frameworks */,
				320A2827FEC940B25BC42C65 /* libThree20Core.a in Frameworks */,
				320F2C48872C2E2C4DF86205 /* libThree20UI.a in Frameworks */,
				320AF8492C47A4D819F7C451 /* QuartzCore.framework in Frameworks */,
				320A5A189C235877202780D5 /* libThree20Network.a in Frameworks */,
				320CC833B8AF0ACFD35E6225 /* libThree20Style.a in Frameworks */,
				374D13E513839712004022E3 /* UIKit.framework in Frameworks */,
				374D13E713839712004022E3 /* Foundation.framework in Frameworks */,
				374D13E913839712004022E3 /* CoreGraphics.framework in Frameworks */,
				374D13EB13839712004022E3 /* CoreData.framework in Frameworks */,
			);
			runOnlyForDeploymentPostprocessing = 0;
		};
		374D13FF13839713004022E3 /* Frameworks */ = {
			isa = PBXFrameworksBuildPhase;
			buildActionMask = 2147483647;
			files = (
				374D140413839713004022E3 /* UIKit.framework in Frameworks */,
				374D140513839713004022E3 /* Foundation.framework in Frameworks */,
				374D140613839713004022E3 /* CoreGraphics.framework in Frameworks */,
				374D140713839713004022E3 /* CoreData.framework in Frameworks */,
			);
			runOnlyForDeploymentPostprocessing = 0;
		};
/* End PBXFrameworksBuildPhase section */

/* Begin PBXGroup section */
		3201088596B4756681693703 /* Products */ = {
			isa = PBXGroup;
			children = (
				3201088596B4756681693704 /* libThree20UICommon.a */,
				374D145F1383976B004022E3 /* UICommonUnitTests.octest */,
			);
			name = Products;
			sourceTree = "<group>";
		};
		320A2827FEC940B25BC42C63 /* Products */ = {
			isa = PBXGroup;
			children = (
				320A2827FEC940B25BC42C64 /* libThree20Core.a */,
				374D14531383976B004022E3 /* CoreUnitTests.octest */,
			);
			name = Products;
			sourceTree = "<group>";
		};
		320A5A189C235877202780D3 /* Products */ = {
			isa = PBXGroup;
			children = (
				320A5A189C235877202780D4 /* libThree20Network.a */,
				374D14561383976B004022E3 /* NetworkUnitTests.octest */,
			);
			name = Products;
			sourceTree = "<group>";
		};
		320A737074758E53BA54BE93 /* Products */ = {
			isa = PBXGroup;
			children = (
				320A737074758E53BA54BE94 /* libThree20UINavigator.a */,
				374D14621383976B004022E3 /* UINavigatorUnitTests.octest */,
			);
			name = Products;
			sourceTree = "<group>";
		};
		320CC833B8AF0ACFD35E6223 /* Products */ = {
			isa = PBXGroup;
			children = (
				320CC833B8AF0ACFD35E6224 /* libThree20Style.a */,
				374D14591383976B004022E3 /* StyleUnitTests.octest */,
			);
			name = Products;
			sourceTree = "<group>";
		};
		320D7DCCE32703ACAB9A45E3 /* Products */ = {
			isa = PBXGroup;
			children = (
				320D7DCCE32703ACAB9A45E4 /* libThree20.a */,
				374D14501383976B004022E3 /* Three20UnitTests.octest */,
			);
			name = Products;
			sourceTree = "<group>";
		};
		320F2C48872C2E2C4DF86203 /* Products */ = {
			isa = PBXGroup;
			children = (
				320F2C48872C2E2C4DF86204 /* libThree20UI.a */,
				374D145C1383976B004022E3 /* UIUnitTests.octest */,
			);
			name = Products;
			sourceTree = "<group>";
		};
		370B0B92139456A0000FE2FF /* Appirater */ = {
			isa = PBXGroup;
			children = (
				370B0B93139456D1000FE2FF /* Appirater.h */,
				370B0B94139456D1000FE2FF /* Appirater.m */,
			);
			name = Appirater;
			sourceTree = "<group>";
		};
		3745E407138F03F800F31683 /* Pokemon List */ = {
			isa = PBXGroup;
			children = (
				3745E47D138F508400F31683 /* PokemonListDelegate.h */,
				3745E408138F042700F31683 /* PokemonListViewController.h */,
				3745E409138F042700F31683 /* PokemonListViewController.m */,
			);
			name = "Pokemon List";
			sourceTree = "<group>";
		};
		374D13D513839712004022E3 = {
			isa = PBXGroup;
			children = (
				374D13EC13839712004022E3 /* PokemonEV */,
				374D140A13839713004022E3 /* PokemonEVTests */,
				374D13E313839712004022E3 /* Frameworks */,
				374D13E113839712004022E3 /* Products */,
			);
			sourceTree = "<group>";
		};
		374D13E113839712004022E3 /* Products */ = {
			isa = PBXGroup;
			children = (
				374D13E013839712004022E3 /* EVTrack.app */,
				374D140313839713004022E3 /* PokemonEVTests.octest */,
			);
			name = Products;
			sourceTree = "<group>";
		};
		374D13E313839712004022E3 /* Frameworks */ = {
			isa = PBXGroup;
			children = (
				3201088596B4756681693700 /* Three20UICommon.xcodeproj */,
				320D7DCCE32703ACAB9A45E0 /* Three20.xcodeproj */,
				320A737074758E53BA54BE90 /* Three20UINavigator.xcodeproj */,
				320A2827FEC940B25BC42C60 /* Three20Core.xcodeproj */,
				320F2C48872C2E2C4DF86200 /* Three20UI.xcodeproj */,
				320A5A189C235877202780D0 /* Three20Network.xcodeproj */,
				320CC833B8AF0ACFD35E6220 /* Three20Style.xcodeproj */,
				37BA35AD1395D34800F18686 /* MessageUI.framework */,
				320AF8492C47A4D819F7C450 /* QuartzCore.framework */,
				370B0B96139458D5000FE2FF /* SystemConfiguration.framework */,
				374D13E413839712004022E3 /* UIKit.framework */,
				374D13E613839712004022E3 /* Foundation.framework */,
				374D13E813839712004022E3 /* CoreGraphics.framework */,
				374D13EA13839712004022E3 /* CoreData.framework */,
			);
			name = Frameworks;
			sourceTree = "<group>";
		};
		374D13EC13839712004022E3 /* PokemonEV */ = {
			isa = PBXGroup;
			children = (
				374D149013839893004022E3 /* Classes */,
				374D14C113839AE2004022E3 /* Images */,
				374D13F513839712004022E3 /* PokemonEVAppDelegate.h */,
				374D13F613839712004022E3 /* PokemonEVAppDelegate.m */,
				374D13F813839712004022E3 /* MainWindow.xib */,
				374D13FB13839712004022E3 /* PokemonEV.xcdatamodeld */,
				374D13ED13839712004022E3 /* Supporting Files */,
			);
			path = PokemonEV;
			sourceTree = "<group>";
		};
		374D13ED13839712004022E3 /* Supporting Files */ = {
			isa = PBXGroup;
			children = (
				320B6C86F11D9990244A9730 /* Three20.bundle */,
				374D14BD13839AB9004022E3 /* pokedex.plist */,
				3795EC0F138631410065C0C8 /* items.plist */,
				374D14BE13839AB9004022E3 /* PokemonStats.plist */,
				374D13EE13839712004022E3 /* PokemonEV-Info.plist */,
				374D13EF13839712004022E3 /* InfoPlist.strings */,
				374D13F213839712004022E3 /* PokemonEV-Prefix.pch */,
				374D13F313839712004022E3 /* main.m */,
			);
			name = "Supporting Files";
			sourceTree = "<group>";
		};
		374D140A13839713004022E3 /* PokemonEVTests */ = {
			isa = PBXGroup;
			children = (
				374D141113839713004022E3 /* PokemonEVTests.h */,
				374D141313839713004022E3 /* PokemonEVTests.m */,
				374D140B13839713004022E3 /* Supporting Files */,
			);
			path = PokemonEVTests;
			sourceTree = "<group>";
		};
		374D140B13839713004022E3 /* Supporting Files */ = {
			isa = PBXGroup;
			children = (
				374D140C13839713004022E3 /* PokemonEVTests-Info.plist */,
				374D140D13839713004022E3 /* InfoPlist.strings */,
				374D141013839713004022E3 /* PokemonEVTests-Prefix.pch */,
			);
			name = "Supporting Files";
			sourceTree = "<group>";
		};
		374D149013839893004022E3 /* Classes */ = {
			isa = PBXGroup;
			children = (
				374D149113839893004022E3 /* Data */,
				374D149413839893004022E3 /* Helpers */,
				374D149E13839893004022E3 /* Models */,
				3795EC0B13861EF50065C0C8 /* Style */,
				374D14A913839893004022E3 /* View Controllers */,
				374D14AE13839893004022E3 /* Views */,
			);
			path = Classes;
			sourceTree = "<group>";
		};
		374D149113839893004022E3 /* Data */ = {
			isa = PBXGroup;
			children = (
				374D149213839893004022E3 /* PokemonDataImport.h */,
				374D149313839893004022E3 /* PokemonDataImport.m */,
			);
			path = Data;
			sourceTree = "<group>";
		};
		374D149413839893004022E3 /* Helpers */ = {
			isa = PBXGroup;
			children = (
				370B0B92139456A0000FE2FF /* Appirater */,
				374D149513839893004022E3 /* Core Data */,
				374D149C13839893004022E3 /* UIColor+Hex.h */,
				374D149D13839893004022E3 /* UIColor+Hex.m */,
				371EFEF8138976FF0093C0FC /* Constants.h */,
				371EFEF9138976FF0093C0FC /* Constants.m */,
				37A500A7138AB82100B63285 /* NSError+Multiple.h */,
				37A500A8138AB82200B63285 /* NSError+Multiple.m */,
			);
			path = Helpers;
			sourceTree = "<group>";
		};
		374D149513839893004022E3 /* Core Data */ = {
			isa = PBXGroup;
			children = (
				374D149613839893004022E3 /* NSManagedObject+Errors.h */,
				374D149713839893004022E3 /* NSManagedObject+Errors.m */,
				374D149813839893004022E3 /* NSManagedObjectContext+Convenience.h */,
				374D149913839893004022E3 /* NSManagedObjectContext+Convenience.m */,
				374D149A13839893004022E3 /* NSManagedObjectContext+URI.h */,
				374D149B13839893004022E3 /* NSManagedObjectContext+URI.m */,
			);
			path = "Core Data";
			sourceTree = "<group>";
		};
		374D149E13839893004022E3 /* Models */ = {
			isa = PBXGroup;
			children = (
				374D149F13839893004022E3 /* Human */,
				374D14A213839893004022E3 /* Machine */,
				374D14A513839893004022E3 /* PokemonStats.h */,
				374D14A613839893004022E3 /* PokemonStats.m */,
			);
			path = Models;
			sourceTree = "<group>";
		};
		374D149F13839893004022E3 /* Human */ = {
			isa = PBXGroup;
			children = (
				370758C4138B66C70011D998 /* PokemonEncounter.h */,
				370758C5138B66C70011D998 /* PokemonEncounter.m */,
				377DEC881385A94F00EEBBC5 /* EVSpread.h */,
				377DEC891385A94F00EEBBC5 /* EVSpread.m */,
				377DEC8A1385A94F00EEBBC5 /* HeldItem.h */,
				377DEC8B1385A94F00EEBBC5 /* HeldItem.m */,
				377DEC8C1385A94F00EEBBC5 /* Pokemon.h */,
				377DEC8D1385A94F00EEBBC5 /* Pokemon.m */,
				374D14A013839893004022E3 /* PokemonSpecies.h */,
				374D14A113839893004022E3 /* PokemonSpecies.m */,
			);
			path = Human;
			sourceTree = "<group>";
		};
		374D14A213839893004022E3 /* Machine */ = {
			isa = PBXGroup;
			children = (
				370758C7138B66D00011D998 /* _PokemonEncounter.h */,
				370758C8138B66D00011D998 /* _PokemonEncounter.m */,
				377DEC911385A96100EEBBC5 /* _EVSpread.h */,
				377DEC921385A96100EEBBC5 /* _EVSpread.m */,
				377DEC931385A96100EEBBC5 /* _HeldItem.h */,
				377DEC941385A96100EEBBC5 /* _HeldItem.m */,
				377DEC951385A96100EEBBC5 /* _Pokemon.h */,
				377DEC961385A96100EEBBC5 /* _Pokemon.m */,
				374D14A313839893004022E3 /* _PokemonSpecies.h */,
				374D14A413839893004022E3 /* _PokemonSpecies.m */,
			);
			path = Machine;
			sourceTree = "<group>";
		};
		374D14A913839893004022E3 /* View Controllers */ = {
			isa = PBXGroup;
			children = (
				37CDAF571388641100114493 /* Main View */,
				37CDAF591388642A00114493 /* Held Item List */,
				37CDAF581388641B00114493 /* Species List */,
				3745E407138F03F800F31683 /* Pokemon List */,
				37CDAF5B1388647F00114493 /* EVCountViewController.h */,
				37CDAF5C1388647F00114493 /* EVCountViewController.m */,
			);
			path = "View Controllers";
			sourceTree = "<group>";
		};
		374D14AE13839893004022E3 /* Views */ = {
			isa = PBXGroup;
			children = (
				374D14AF13839893004022E3 /* EVYieldView.h */,
				374D14B013839893004022E3 /* EVYieldView.m */,
				37ECABDB1384783E00C04B45 /* StatFilterButton.h */,
				37ECABDC1384783E00C04B45 /* StatFilterButton.m */,
				3795EC081385D7FA0065C0C8 /* EVCountView.h */,
				3795EC091385D7FA0065C0C8 /* EVCountView.m */,
				37A5001A13899B2900B63285 /* EVCountFooterCell.h */,
				37A5001B13899B2900B63285 /* EVCountFooterCell.m */,
				37A5001D1389A43300B63285 /* EVCountFooterCell.xib */,
				370758CA138C05C20011D998 /* PokemonSpeciesCell.h */,
				370758CB138C05C20011D998 /* PokemonSpeciesCell.m */,
			);
			path = Views;
			sourceTree = "<group>";
		};
		374D14C113839AE2004022E3 /* Images */ = {
			isa = PBXGroup;
			children = (
				37BA35CB1395DD0E00F18686 /* icon-envelope.png */,
				37BA35CC1395DD0E00F18686 /* icon-envelope@2x.png */,
				3725629313949C2000B34EFA /* icon-list.png */,
				3725629413949C2000B34EFA /* icon-list@2x.png */,
				3725629E1394A77300B34EFA /* Default.png */,
				3725629F1394A77300B34EFA /* Default@2x.png */,
				378886CA1392C90B00523380 /* PokemonEV-Icon.png */,
				378886CB1392C90B00523380 /* PokemonEV-IconRetina.png */,
				378886C81392C2A200523380 /* iTunesArtwork */,
			);
			path = Images;
			sourceTree = "<group>";
		};
		3795EC0B13861EF50065C0C8 /* Style */ = {
			isa = PBXGroup;
			children = (
				3795EC0C13861F6E0065C0C8 /* EVStyleSheet.h */,
				3795EC0D13861F6E0065C0C8 /* EVStyleSheet.m */,
			);
			path = Style;
			sourceTree = "<group>";
		};
		37CDAF571388641100114493 /* Main View */ = {
			isa = PBXGroup;
			children = (
				374D14AC13839893004022E3 /* TrackerViewController.h */,
				374D14AD13839893004022E3 /* TrackerViewController.m */,
			);
			name = "Main View";
			sourceTree = "<group>";
		};
		37CDAF581388641B00114493 /* Species List */ = {
			isa = PBXGroup;
			children = (
				377DF1BD1385B24D00EEBBC5 /* SpeciesListDelegate.h */,
				374D14AA13839893004022E3 /* SpeciesListViewController.h */,
				374D14AB13839893004022E3 /* SpeciesListViewController.m */,
			);
			name = "Species List";
			sourceTree = "<group>";
		};
		37CDAF591388642A00114493 /* Held Item List */ = {
			isa = PBXGroup;
			children = (
				37CDAF4E13872F9600114493 /* HeldItemListDelegate.h */,
				37CDAF4B13872F6400114493 /* HeldItemListViewController.h */,
				37CDAF4C13872F6400114493 /* HeldItemListViewController.m */,
			);
			name = "Held Item List";
			sourceTree = "<group>";
		};
/* End PBXGroup section */

/* Begin PBXNativeTarget section */
		374D13DF13839712004022E3 /* EVTrack */ = {
			isa = PBXNativeTarget;
			buildConfigurationList = 374D141713839713004022E3 /* Build configuration list for PBXNativeTarget "EVTrack" */;
			buildPhases = (
				374D13DC13839712004022E3 /* Sources */,
				374D13DD13839712004022E3 /* Frameworks */,
				374D13DE13839712004022E3 /* Resources */,
			);
			buildRules = (
			);
			dependencies = (
				3201088596B4756681693701 /* PBXTargetDependency */,
				320D7DCCE32703ACAB9A45E1 /* PBXTargetDependency */,
				320A737074758E53BA54BE91 /* PBXTargetDependency */,
				320A2827FEC940B25BC42C61 /* PBXTargetDependency */,
				320F2C48872C2E2C4DF86201 /* PBXTargetDependency */,
				320A5A189C235877202780D1 /* PBXTargetDependency */,
				320CC833B8AF0ACFD35E6221 /* PBXTargetDependency */,
			);
			name = EVTrack;
			productName = PokemonEV;
			productReference = 374D13E013839712004022E3 /* EVTrack.app */;
			productType = "com.apple.product-type.application";
		};
		374D140213839713004022E3 /* PokemonEVTests */ = {
			isa = PBXNativeTarget;
			buildConfigurationList = 374D141A13839713004022E3 /* Build configuration list for PBXNativeTarget "PokemonEVTests" */;
			buildPhases = (
				374D13FE13839713004022E3 /* Sources */,
				374D13FF13839713004022E3 /* Frameworks */,
				374D140013839713004022E3 /* Resources */,
				374D140113839713004022E3 /* ShellScript */,
			);
			buildRules = (
			);
			dependencies = (
				374D140913839713004022E3 /* PBXTargetDependency */,
			);
			name = PokemonEVTests;
			productName = PokemonEVTests;
			productReference = 374D140313839713004022E3 /* PokemonEVTests.octest */;
			productType = "com.apple.product-type.bundle";
		};
/* End PBXNativeTarget section */

/* Begin PBXProject section */
		374D13D713839712004022E3 /* Project object */ = {
			isa = PBXProject;
			attributes = {
				ORGANIZATIONNAME = "Daniel Lichty";
			};
			buildConfigurationList = 374D13DA13839712004022E3 /* Build configuration list for PBXProject "PokemonEV" */;
			compatibilityVersion = "Xcode 3.2";
			developmentRegion = English;
			hasScannedForEncodings = 0;
			knownRegions = (
				en,
			);
			mainGroup = 374D13D513839712004022E3;
			productRefGroup = 374D13E113839712004022E3 /* Products */;
			projectDirPath = "";
			projectReferences = (
				{
					ProductGroup = 320D7DCCE32703ACAB9A45E3 /* Products */;
					ProjectRef = 320D7DCCE32703ACAB9A45E0 /* Three20.xcodeproj */;
				},
				{
					ProductGroup = 320A2827FEC940B25BC42C63 /* Products */;
					ProjectRef = 320A2827FEC940B25BC42C60 /* Three20Core.xcodeproj */;
				},
				{
					ProductGroup = 320A5A189C235877202780D3 /* Products */;
					ProjectRef = 320A5A189C235877202780D0 /* Three20Network.xcodeproj */;
				},
				{
					ProductGroup = 320CC833B8AF0ACFD35E6223 /* Products */;
					ProjectRef = 320CC833B8AF0ACFD35E6220 /* Three20Style.xcodeproj */;
				},
				{
					ProductGroup = 320F2C48872C2E2C4DF86203 /* Products */;
					ProjectRef = 320F2C48872C2E2C4DF86200 /* Three20UI.xcodeproj */;
				},
				{
					ProductGroup = 3201088596B4756681693703 /* Products */;
					ProjectRef = 3201088596B4756681693700 /* Three20UICommon.xcodeproj */;
				},
				{
					ProductGroup = 320A737074758E53BA54BE93 /* Products */;
					ProjectRef = 320A737074758E53BA54BE90 /* Three20UINavigator.xcodeproj */;
				},
			);
			projectRoot = "";
			targets = (
				374D13DF13839712004022E3 /* EVTrack */,
				374D140213839713004022E3 /* PokemonEVTests */,
			);
		};
/* End PBXProject section */

/* Begin PBXReferenceProxy section */
		3201088596B4756681693704 /* libThree20UICommon.a */ = {
			isa = PBXReferenceProxy;
			fileType = archive.ar;
			path = libThree20UICommon.a;
			remoteRef = 3201088596B4756681693706 /* PBXContainerItemProxy */;
			sourceTree = BUILT_PRODUCTS_DIR;
		};
		320A2827FEC940B25BC42C64 /* libThree20Core.a */ = {
			isa = PBXReferenceProxy;
			fileType = archive.ar;
			path = libThree20Core.a;
			remoteRef = 320A2827FEC940B25BC42C66 /* PBXContainerItemProxy */;
			sourceTree = BUILT_PRODUCTS_DIR;
		};
		320A5A189C235877202780D4 /* libThree20Network.a */ = {
			isa = PBXReferenceProxy;
			fileType = archive.ar;
			path = libThree20Network.a;
			remoteRef = 320A5A189C235877202780D6 /* PBXContainerItemProxy */;
			sourceTree = BUILT_PRODUCTS_DIR;
		};
		320A737074758E53BA54BE94 /* libThree20UINavigator.a */ = {
			isa = PBXReferenceProxy;
			fileType = archive.ar;
			path = libThree20UINavigator.a;
			remoteRef = 320A737074758E53BA54BE96 /* PBXContainerItemProxy */;
			sourceTree = BUILT_PRODUCTS_DIR;
		};
		320CC833B8AF0ACFD35E6224 /* libThree20Style.a */ = {
			isa = PBXReferenceProxy;
			fileType = archive.ar;
			path = libThree20Style.a;
			remoteRef = 320CC833B8AF0ACFD35E6226 /* PBXContainerItemProxy */;
			sourceTree = BUILT_PRODUCTS_DIR;
		};
		320D7DCCE32703ACAB9A45E4 /* libThree20.a */ = {
			isa = PBXReferenceProxy;
			fileType = archive.ar;
			path = libThree20.a;
			remoteRef = 320D7DCCE32703ACAB9A45E6 /* PBXContainerItemProxy */;
			sourceTree = BUILT_PRODUCTS_DIR;
		};
		320F2C48872C2E2C4DF86204 /* libThree20UI.a */ = {
			isa = PBXReferenceProxy;
			fileType = archive.ar;
			path = libThree20UI.a;
			remoteRef = 320F2C48872C2E2C4DF86206 /* PBXContainerItemProxy */;
			sourceTree = BUILT_PRODUCTS_DIR;
		};
		374D14501383976B004022E3 /* Three20UnitTests.octest */ = {
			isa = PBXReferenceProxy;
			fileType = wrapper.cfbundle;
			path = Three20UnitTests.octest;
			remoteRef = 374D144F1383976B004022E3 /* PBXContainerItemProxy */;
			sourceTree = BUILT_PRODUCTS_DIR;
		};
		374D14531383976B004022E3 /* CoreUnitTests.octest */ = {
			isa = PBXReferenceProxy;
			fileType = wrapper.cfbundle;
			path = CoreUnitTests.octest;
			remoteRef = 374D14521383976B004022E3 /* PBXContainerItemProxy */;
			sourceTree = BUILT_PRODUCTS_DIR;
		};
		374D14561383976B004022E3 /* NetworkUnitTests.octest */ = {
			isa = PBXReferenceProxy;
			fileType = wrapper.cfbundle;
			path = NetworkUnitTests.octest;
			remoteRef = 374D14551383976B004022E3 /* PBXContainerItemProxy */;
			sourceTree = BUILT_PRODUCTS_DIR;
		};
		374D14591383976B004022E3 /* StyleUnitTests.octest */ = {
			isa = PBXReferenceProxy;
			fileType = wrapper.cfbundle;
			path = StyleUnitTests.octest;
			remoteRef = 374D14581383976B004022E3 /* PBXContainerItemProxy */;
			sourceTree = BUILT_PRODUCTS_DIR;
		};
		374D145C1383976B004022E3 /* UIUnitTests.octest */ = {
			isa = PBXReferenceProxy;
			fileType = wrapper.cfbundle;
			path = UIUnitTests.octest;
			remoteRef = 374D145B1383976B004022E3 /* PBXContainerItemProxy */;
			sourceTree = BUILT_PRODUCTS_DIR;
		};
		374D145F1383976B004022E3 /* UICommonUnitTests.octest */ = {
			isa = PBXReferenceProxy;
			fileType = wrapper.cfbundle;
			path = UICommonUnitTests.octest;
			remoteRef = 374D145E1383976B004022E3 /* PBXContainerItemProxy */;
			sourceTree = BUILT_PRODUCTS_DIR;
		};
		374D14621383976B004022E3 /* UINavigatorUnitTests.octest */ = {
			isa = PBXReferenceProxy;
			fileType = wrapper.cfbundle;
			path = UINavigatorUnitTests.octest;
			remoteRef = 374D14611383976B004022E3 /* PBXContainerItemProxy */;
			sourceTree = BUILT_PRODUCTS_DIR;
		};
/* End PBXReferenceProxy section */

/* Begin PBXResourcesBuildPhase section */
		374D13DE13839712004022E3 /* Resources */ = {
			isa = PBXResourcesBuildPhase;
			buildActionMask = 2147483647;
			files = (
				320B6C86F11D9990244A9731 /* Three20.bundle in Resources */,
				374D13F113839712004022E3 /* InfoPlist.strings in Resources */,
				374D13FA13839712004022E3 /* MainWindow.xib in Resources */,
				374D14BF13839AB9004022E3 /* pokedex.plist in Resources */,
				374D14C013839AB9004022E3 /* PokemonStats.plist in Resources */,
				3795EC10138631410065C0C8 /* items.plist in Resources */,
				37A5001E1389A43300B63285 /* EVCountFooterCell.xib in Resources */,
				378886C91392C2A200523380 /* iTunesArtwork in Resources */,
				378886CC1392C90B00523380 /* PokemonEV-Icon.png in Resources */,
				378886CD1392C90B00523380 /* PokemonEV-IconRetina.png in Resources */,
				3725629513949C2000B34EFA /* icon-list.png in Resources */,
				3725629613949C2000B34EFA /* icon-list@2x.png in Resources */,
				372562A01394A77300B34EFA /* Default.png in Resources */,
				372562A11394A77300B34EFA /* Default@2x.png in Resources */,
				37BA35CD1395DD0E00F18686 /* icon-envelope.png in Resources */,
				37BA35CE1395DD0E00F18686 /* icon-envelope@2x.png in Resources */,
			);
			runOnlyForDeploymentPostprocessing = 0;
		};
		374D140013839713004022E3 /* Resources */ = {
			isa = PBXResourcesBuildPhase;
			buildActionMask = 2147483647;
			files = (
				374D140F13839713004022E3 /* InfoPlist.strings in Resources */,
				374D141213839713004022E3 /* PokemonEVTests.h in Resources */,
			);
			runOnlyForDeploymentPostprocessing = 0;
		};
/* End PBXResourcesBuildPhase section */

/* Begin PBXShellScriptBuildPhase section */
		374D140113839713004022E3 /* ShellScript */ = {
			isa = PBXShellScriptBuildPhase;
			buildActionMask = 2147483647;
			files = (
			);
			inputPaths = (
			);
			outputPaths = (
			);
			runOnlyForDeploymentPostprocessing = 0;
			shellPath = /bin/sh;
			shellScript = "# Run the unit tests in this test bundle.\n\"${SYSTEM_DEVELOPER_DIR}/Tools/RunUnitTests\"\n";
		};
/* End PBXShellScriptBuildPhase section */

/* Begin PBXSourcesBuildPhase section */
		374D13DC13839712004022E3 /* Sources */ = {
			isa = PBXSourcesBuildPhase;
			buildActionMask = 2147483647;
			files = (
				374D13F413839712004022E3 /* main.m in Sources */,
				374D13F713839712004022E3 /* PokemonEVAppDelegate.m in Sources */,
				374D13FD13839712004022E3 /* PokemonEV.xcdatamodeld in Sources */,
				374D14B113839893004022E3 /* PokemonDataImport.m in Sources */,
				374D14B213839893004022E3 /* NSManagedObject+Errors.m in Sources */,
				374D14B313839893004022E3 /* NSManagedObjectContext+Convenience.m in Sources */,
				374D14B413839893004022E3 /* NSManagedObjectContext+URI.m in Sources */,
				374D14B513839893004022E3 /* UIColor+Hex.m in Sources */,
				374D14B613839893004022E3 /* PokemonSpecies.m in Sources */,
				374D14B713839893004022E3 /* _PokemonSpecies.m in Sources */,
				374D14B813839893004022E3 /* PokemonStats.m in Sources */,
				374D14BA13839893004022E3 /* SpeciesListViewController.m in Sources */,
				374D14BB13839893004022E3 /* TrackerViewController.m in Sources */,
				374D14BC13839893004022E3 /* EVYieldView.m in Sources */,
				37ECABDD1384783E00C04B45 /* StatFilterButton.m in Sources */,
				377DEC8E1385A94F00EEBBC5 /* EVSpread.m in Sources */,
				377DEC8F1385A94F00EEBBC5 /* HeldItem.m in Sources */,
				377DEC901385A94F00EEBBC5 /* Pokemon.m in Sources */,
				377DEC971385A96100EEBBC5 /* _EVSpread.m in Sources */,
				377DEC981385A96100EEBBC5 /* _HeldItem.m in Sources */,
				377DEC991385A96100EEBBC5 /* _Pokemon.m in Sources */,
				3795EC0A1385D7FA0065C0C8 /* EVCountView.m in Sources */,
				3795EC0E13861F6E0065C0C8 /* EVStyleSheet.m in Sources */,
				37CDAF4D13872F6400114493 /* HeldItemListViewController.m in Sources */,
				37CDAF5D1388647F00114493 /* EVCountViewController.m in Sources */,
				371EFEFA138976FF0093C0FC /* Constants.m in Sources */,
				37A5001C13899B2900B63285 /* EVCountFooterCell.m in Sources */,
				37A500A9138AB82200B63285 /* NSError+Multiple.m in Sources */,
				370758C6138B66C70011D998 /* PokemonEncounter.m in Sources */,
				370758C9138B66D00011D998 /* _PokemonEncounter.m in Sources */,
				370758CC138C05C20011D998 /* PokemonSpeciesCell.m in Sources */,
				3745E40A138F042700F31683 /* PokemonListViewController.m in Sources */,
				370B0B95139456D1000FE2FF /* Appirater.m in Sources */,
			);
			runOnlyForDeploymentPostprocessing = 0;
		};
		374D13FE13839713004022E3 /* Sources */ = {
			isa = PBXSourcesBuildPhase;
			buildActionMask = 2147483647;
			files = (
				374D141413839713004022E3 /* PokemonEVTests.m in Sources */,
			);
			runOnlyForDeploymentPostprocessing = 0;
		};
/* End PBXSourcesBuildPhase section */

/* Begin PBXTargetDependency section */
		3201088596B4756681693701 /* PBXTargetDependency */ = {
			isa = PBXTargetDependency;
			name = Three20UICommon;
			targetProxy = 3201088596B4756681693702 /* PBXContainerItemProxy */;
		};
		320A2827FEC940B25BC42C61 /* PBXTargetDependency */ = {
			isa = PBXTargetDependency;
			name = Three20Core;
			targetProxy = 320A2827FEC940B25BC42C62 /* PBXContainerItemProxy */;
		};
		320A5A189C235877202780D1 /* PBXTargetDependency */ = {
			isa = PBXTargetDependency;
			name = Three20Network;
			targetProxy = 320A5A189C235877202780D2 /* PBXContainerItemProxy */;
		};
		320A737074758E53BA54BE91 /* PBXTargetDependency */ = {
			isa = PBXTargetDependency;
			name = Three20UINavigator;
			targetProxy = 320A737074758E53BA54BE92 /* PBXContainerItemProxy */;
		};
		320CC833B8AF0ACFD35E6221 /* PBXTargetDependency */ = {
			isa = PBXTargetDependency;
			name = Three20Style;
			targetProxy = 320CC833B8AF0ACFD35E6222 /* PBXContainerItemProxy */;
		};
		320D7DCCE32703ACAB9A45E1 /* PBXTargetDependency */ = {
			isa = PBXTargetDependency;
			name = Three20;
			targetProxy = 320D7DCCE32703ACAB9A45E2 /* PBXContainerItemProxy */;
		};
		320F2C48872C2E2C4DF86201 /* PBXTargetDependency */ = {
			isa = PBXTargetDependency;
			name = Three20UI;
			targetProxy = 320F2C48872C2E2C4DF86202 /* PBXContainerItemProxy */;
		};
		374D140913839713004022E3 /* PBXTargetDependency */ = {
			isa = PBXTargetDependency;
			target = 374D13DF13839712004022E3 /* EVTrack */;
			targetProxy = 374D140813839713004022E3 /* PBXContainerItemProxy */;
		};
/* End PBXTargetDependency section */

/* Begin PBXVariantGroup section */
		374D13EF13839712004022E3 /* InfoPlist.strings */ = {
			isa = PBXVariantGroup;
			children = (
				374D13F013839712004022E3 /* en */,
			);
			name = InfoPlist.strings;
			sourceTree = "<group>";
		};
		374D13F813839712004022E3 /* MainWindow.xib */ = {
			isa = PBXVariantGroup;
			children = (
				374D13F913839712004022E3 /* en */,
			);
			name = MainWindow.xib;
			sourceTree = "<group>";
		};
		374D140D13839713004022E3 /* InfoPlist.strings */ = {
			isa = PBXVariantGroup;
			children = (
				374D140E13839713004022E3 /* en */,
			);
			name = InfoPlist.strings;
			sourceTree = "<group>";
		};
/* End PBXVariantGroup section */

/* Begin XCBuildConfiguration section */
		372562971394A47400B34EFA /* LaunchImage */ = {
			isa = XCBuildConfiguration;
			buildSettings = {
				ARCHS = "$(ARCHS_STANDARD_32_BIT)";
				"CODE_SIGN_IDENTITY[sdk=iphoneos*]" = "iPhone Developer: Daniel Lichty (876DLST485)";
				GCC_C_LANGUAGE_STANDARD = gnu99;
				GCC_OPTIMIZATION_LEVEL = 0;
				GCC_PREPROCESSOR_DEFINITIONS = (
					DEBUG,
					LAUNCH_IMAGE,
				);
				GCC_SYMBOLS_PRIVATE_EXTERN = NO;
				GCC_VERSION = com.apple.compilers.llvmgcc42;
				GCC_WARN_ABOUT_RETURN_TYPE = YES;
				GCC_WARN_UNUSED_VARIABLE = YES;
				HEADER_SEARCH_PATHS = (
					"$(BUILT_PRODUCTS_DIR)/../three20",
					"$(BUILT_PRODUCTS_DIR)/../../three20",
					"$(SOURCE_ROOT)/../three20/Build/Products/three20",
				);
				IPHONEOS_DEPLOYMENT_TARGET = 4.0;
				OTHER_LDFLAGS = "-ObjC";
				"PROVISIONING_PROFILE[sdk=iphoneos*]" = "DBA054A2-DCCA-47F7-8B67-39BF199B77D9";
				SDKROOT = iphoneos;
			};
			name = LaunchImage;
		};
		372562981394A47400B34EFA /* LaunchImage */ = {
			isa = XCBuildConfiguration;
			buildSettings = {
				ALWAYS_SEARCH_USER_PATHS = NO;
				COPY_PHASE_STRIP = NO;
				GCC_DYNAMIC_NO_PIC = NO;
				GCC_PRECOMPILE_PREFIX_HEADER = YES;
				GCC_PREFIX_HEADER = "PokemonEV/PokemonEV-Prefix.pch";
				INFOPLIST_FILE = "PokemonEV/PokemonEV-Info.plist";
				IPHONEOS_DEPLOYMENT_TARGET = 4.0;
				PRODUCT_NAME = "$(TARGET_NAME)";
				WRAPPER_EXTENSION = app;
			};
			name = LaunchImage;
		};
		372562991394A47400B34EFA /* LaunchImage */ = {
			isa = XCBuildConfiguration;
			buildSettings = {
				ALWAYS_SEARCH_USER_PATHS = NO;
				BUNDLE_LOADER = "$(BUILT_PRODUCTS_DIR)/PokemonEV.app/PokemonEV";
				FRAMEWORK_SEARCH_PATHS = (
					"$(SDKROOT)/Developer/Library/Frameworks",
					"$(DEVELOPER_LIBRARY_DIR)/Frameworks",
				);
				GCC_PRECOMPILE_PREFIX_HEADER = YES;
				GCC_PREFIX_HEADER = "PokemonEVTests/PokemonEVTests-Prefix.pch";
				INFOPLIST_FILE = "PokemonEVTests/PokemonEVTests-Info.plist";
				OTHER_LDFLAGS = (
					"-framework",
					SenTestingKit,
				);
				PRODUCT_NAME = "$(TARGET_NAME)";
				TEST_HOST = "$(BUNDLE_LOADER)";
				WRAPPER_EXTENSION = octest;
			};
			name = LaunchImage;
		};
		374D141513839713004022E3 /* Debug */ = {
			isa = XCBuildConfiguration;
			buildSettings = {
				ARCHS = "$(ARCHS_STANDARD_32_BIT)";
				"CODE_SIGN_IDENTITY[sdk=iphoneos*]" = "iPhone Developer: Daniel Lichty (876DLST485)";
				GCC_C_LANGUAGE_STANDARD = gnu99;
				GCC_OPTIMIZATION_LEVEL = 0;
				GCC_PREPROCESSOR_DEFINITIONS = DEBUG;
				GCC_SYMBOLS_PRIVATE_EXTERN = NO;
				GCC_VERSION = com.apple.compilers.llvmgcc42;
				GCC_WARN_ABOUT_RETURN_TYPE = YES;
				GCC_WARN_UNUSED_VARIABLE = YES;
				HEADER_SEARCH_PATHS = (
					"$(BUILT_PRODUCTS_DIR)/../three20",
					"$(BUILT_PRODUCTS_DIR)/../../three20",
					"$(SOURCE_ROOT)/../three20/Build/Products/three20",
				);
				IPHONEOS_DEPLOYMENT_TARGET = 4.0;
				OTHER_LDFLAGS = "-ObjC";
				"PROVISIONING_PROFILE[sdk=iphoneos*]" = "DBA054A2-DCCA-47F7-8B67-39BF199B77D9";
				SDKROOT = iphoneos;
			};
			name = Debug;
		};
		374D141613839713004022E3 /* Release */ = {
			isa = XCBuildConfiguration;
			buildSettings = {
				ARCHS = "$(ARCHS_STANDARD_32_BIT)";
				"CODE_SIGN_IDENTITY[sdk=iphoneos*]" = "iPhone Distribution: Daniel Lichty";
				GCC_C_LANGUAGE_STANDARD = gnu99;
				GCC_VERSION = com.apple.compilers.llvmgcc42;
				GCC_WARN_ABOUT_RETURN_TYPE = YES;
				GCC_WARN_UNUSED_VARIABLE = YES;
				HEADER_SEARCH_PATHS = (
					"$(BUILT_PRODUCTS_DIR)/../three20",
					"$(BUILT_PRODUCTS_DIR)/../../three20",
					"$(SOURCE_ROOT)/../three20/Build/Products/three20",
				);
				IPHONEOS_DEPLOYMENT_TARGET = 4.0;
				OTHER_CFLAGS = "-DNS_BLOCK_ASSERTIONS=1";
				OTHER_LDFLAGS = "-ObjC";
				"PROVISIONING_PROFILE[sdk=iphoneos*]" = "25754E99-5870-45FC-9EC0-35C17B029F5D";
				SDKROOT = iphoneos;
			};
			name = Release;
		};
		374D141813839713004022E3 /* Debug */ = {
			isa = XCBuildConfiguration;
			buildSettings = {
				ALWAYS_SEARCH_USER_PATHS = NO;
				COPY_PHASE_STRIP = NO;
				GCC_DYNAMIC_NO_PIC = NO;
				GCC_PRECOMPILE_PREFIX_HEADER = YES;
				GCC_PREFIX_HEADER = "PokemonEV/PokemonEV-Prefix.pch";
				INFOPLIST_FILE = "PokemonEV/PokemonEV-Info.plist";
				IPHONEOS_DEPLOYMENT_TARGET = 4.0;
				PRODUCT_NAME = "$(TARGET_NAME)";
				WRAPPER_EXTENSION = app;
			};
			name = Debug;
		};
		374D141913839713004022E3 /* Release */ = {
			isa = XCBuildConfiguration;
			buildSettings = {
				ALWAYS_SEARCH_USER_PATHS = NO;
				COPY_PHASE_STRIP = YES;
				GCC_PRECOMPILE_PREFIX_HEADER = YES;
				GCC_PREFIX_HEADER = "PokemonEV/PokemonEV-Prefix.pch";
				INFOPLIST_FILE = "PokemonEV/PokemonEV-Info.plist";
				IPHONEOS_DEPLOYMENT_TARGET = 4.0;
				PRODUCT_NAME = "$(TARGET_NAME)";
				VALIDATE_PRODUCT = YES;
				WRAPPER_EXTENSION = app;
			};
			name = Release;
		};
		374D141B13839713004022E3 /* Debug */ = {
			isa = XCBuildConfiguration;
			buildSettings = {
				ALWAYS_SEARCH_USER_PATHS = NO;
				BUNDLE_LOADER = "$(BUILT_PRODUCTS_DIR)/PokemonEV.app/PokemonEV";
				FRAMEWORK_SEARCH_PATHS = (
					"$(SDKROOT)/Developer/Library/Frameworks",
					"$(DEVELOPER_LIBRARY_DIR)/Frameworks",
				);
				GCC_PRECOMPILE_PREFIX_HEADER = YES;
				GCC_PREFIX_HEADER = "PokemonEVTests/PokemonEVTests-Prefix.pch";
				INFOPLIST_FILE = "PokemonEVTests/PokemonEVTests-Info.plist";
				OTHER_LDFLAGS = (
					"-framework",
					SenTestingKit,
				);
				PRODUCT_NAME = "$(TARGET_NAME)";
				TEST_HOST = "$(BUNDLE_LOADER)";
				WRAPPER_EXTENSION = octest;
			};
			name = Debug;
		};
		374D141C13839713004022E3 /* Release */ = {
			isa = XCBuildConfiguration;
			buildSettings = {
				ALWAYS_SEARCH_USER_PATHS = NO;
				BUNDLE_LOADER = "$(BUILT_PRODUCTS_DIR)/PokemonEV.app/PokemonEV";
				FRAMEWORK_SEARCH_PATHS = (
					"$(SDKROOT)/Developer/Library/Frameworks",
					"$(DEVELOPER_LIBRARY_DIR)/Frameworks",
				);
				GCC_PRECOMPILE_PREFIX_HEADER = YES;
				GCC_PREFIX_HEADER = "PokemonEVTests/PokemonEVTests-Prefix.pch";
				INFOPLIST_FILE = "PokemonEVTests/PokemonEVTests-Info.plist";
				OTHER_LDFLAGS = (
					"-framework",
					SenTestingKit,
				);
				PRODUCT_NAME = "$(TARGET_NAME)";
				TEST_HOST = "$(BUNDLE_LOADER)";
				WRAPPER_EXTENSION = octest;
			};
			name = Release;
		};
/* End XCBuildConfiguration section */

/* Begin XCConfigurationList section */
		374D13DA13839712004022E3 /* Build configuration list for PBXProject "PokemonEV" */ = {
			isa = XCConfigurationList;
			buildConfigurations = (
				374D141513839713004022E3 /* Debug */,
				372562971394A47400B34EFA /* LaunchImage */,
				374D141613839713004022E3 /* Release */,
			);
			defaultConfigurationIsVisible = 0;
			defaultConfigurationName = Release;
		};
		374D141713839713004022E3 /* Build configuration list for PBXNativeTarget "EVTrack" */ = {
			isa = XCConfigurationList;
			buildConfigurations = (
				374D141813839713004022E3 /* Debug */,
				372562981394A47400B34EFA /* LaunchImage */,
				374D141913839713004022E3 /* Release */,
			);
			defaultConfigurationIsVisible = 0;
			defaultConfigurationName = Release;
		};
		374D141A13839713004022E3 /* Build configuration list for PBXNativeTarget "PokemonEVTests" */ = {
			isa = XCConfigurationList;
			buildConfigurations = (
				374D141B13839713004022E3 /* Debug */,
				372562991394A47400B34EFA /* LaunchImage */,
				374D141C13839713004022E3 /* Release */,
			);
			defaultConfigurationIsVisible = 0;
			defaultConfigurationName = Release;
		};
/* End XCConfigurationList section */

/* Begin XCVersionGroup section */
		374D13FB13839712004022E3 /* PokemonEV.xcdatamodeld */ = {
			isa = XCVersionGroup;
			children = (
				37576CCF1390636500F0603A /* PokemonEV 2.xcdatamodel */,
				374D13FC13839712004022E3 /* PokemonEV.xcdatamodel */,
			);
			currentVersion = 37576CCF1390636500F0603A /* PokemonEV 2.xcdatamodel */;
			path = PokemonEV.xcdatamodeld;
			sourceTree = "<group>";
			versionGroupType = wrapper.xcdatamodel;
		};
/* End XCVersionGroup section */
	};
	rootObject = 374D13D713839712004022E3 /* Project object */;
}
